
Microsoft Visual Studio Solution File, Format Version 12.00
# Visual Studio Version 16
VisualStudioVersion = 16.0.31112.23
MinimumVisualStudioVersion = 10.0.40219.1
Project("{9A19103F-16F7-4668-BE54-9A1E7A4F7556}") = "Adresbeheer_klassen", "Adresbeheer_klassen\Adresbeheer_klassen.csproj", "{ADF578B9-B56F-4CFE-BCB0-220B9E63AA18}"
EndProject
Project("{9A19103F-16F7-4668-BE54-9A1E7A4F7556}") = "AdresBeheer", "AdresBeheer\AdresBeheer.csproj", "{9BB494AD-2BD0-4AB9-AB99-243DE3A1D4CC}"
EndProject
Project("{9A19103F-16F7-4668-BE54-9A1E7A4F7556}") = "AdresBeheer_DAL", "AdresBeheer_DAL\AdresBeheer_DAL.csproj", "{FFB85CA9-55CC-4CED-A95F-EC0D3710DE40}"
EndProject
Project("{9A19103F-16F7-4668-BE54-9A1E7A4F7556}") = "AdressenTest", "AdressenTest\AdressenTest.csproj", "{538C1DE5-C20A-4EF5-9022-363CE9933636}"
EndProject
Project("{9A19103F-16F7-4668-BE54-9A1E7A4F7556}") = "AdresWPF", "AdresWPF\AdresWPF.csproj", "{3CD892BC-C01A-4076-B00B-181C1F220AF4}"
EndProject
Global
	GlobalSection(SolutionConfigurationPlatforms) = preSolution
		Debug|Any CPU = Debug|Any CPU
		Release|Any CPU = Release|Any CPU
	EndGlobalSection
	GlobalSection(ProjectConfigurationPlatforms) = postSolution
		{ADF578B9-B56F-4CFE-BCB0-220B9E63AA18}.Debug|Any CPU.ActiveCfg = Debug|Any CPU
		{ADF578B9-B56F-4CFE-BCB0-220B9E63AA18}.Debug|Any CPU.Build.0 = Debug|Any CPU
		{ADF578B9-B56F-4CFE-BCB0-220B9E63AA18}.Release|Any CPU.ActiveCfg = Release|Any CPU
		{ADF578B9-B56F-4CFE-BCB0-220B9E63AA18}.Release|Any CPU.Build.0 = Release|Any CPU
		{9BB494AD-2BD0-4AB9-AB99-243DE3A1D4CC}.Debug|Any CPU.ActiveCfg = Debug|Any CPU
		{9BB494AD-2BD0-4AB9-AB99-243DE3A1D4CC}.Debug|Any CPU.Build.0 = Debug|Any CPU
		{9BB494AD-2BD0-4AB9-AB99-243DE3A1D4CC}.Release|Any CPU.ActiveCfg = Release|Any CPU
		{9BB494AD-2BD0-4AB9-AB99-243DE3A1D4CC}.Release|Any CPU.Build.0 = Release|Any CPU
		{FFB85CA9-55CC-4CED-A95F-EC0D3710DE40}.Debug|Any CPU.ActiveCfg = Debug|Any CPU
		{FFB85CA9-55CC-4CED-A95F-EC0D3710DE40}.Debug|Any CPU.Build.0 = Debug|Any CPU
		{FFB85CA9-55CC-4CED-A95F-EC0D3710DE40}.Release|Any CPU.ActiveCfg = Release|Any CPU
		{FFB85CA9-55CC-4CED-A95F-EC0D3710DE40}.Release|Any CPU.Build.0 = Release|Any CPU
		{538C1DE5-C20A-4EF5-9022-363CE9933636}.Debug|Any CPU.ActiveCfg = Debug|Any CPU
		{538C1DE5-C20A-4EF5-9022-363CE9933636}.Debug|Any CPU.Build.0 = Debug|Any CPU
		{538C1DE5-C20A-4EF5-9022-363CE9933636}.Release|Any CPU.ActiveCfg = Release|Any CPU
		{538C1DE5-C20A-4EF5-9022-363CE9933636}.Release|Any CPU.Build.0 = Release|Any CPU
		{3CD892BC-C01A-4076-B00B-181C1F220AF4}.Debug|Any CPU.ActiveCfg = Debug|Any CPU
		{3CD892BC-C01A-4076-B00B-181C1F220AF4}.Debug|Any CPU.Build.0 = Debug|Any CPU
		{3CD892BC-C01A-4076-B00B-181C1F220AF4}.Release|Any CPU.ActiveCfg = Release|Any CPU
		{3CD892BC-C01A-4076-B00B-181C1F220AF4}.Release|Any CPU.Build.0 = Release|Any CPU
	EndGlobalSection
	GlobalSection(SolutionProperties) = preSolution
		HideSolutionNode = FALSE
	EndGlobalSection
	GlobalSection(ExtensibilityGlobals) = postSolution
		SolutionGuid = {3F325F75-AFFA-43A8-AA27-9EBC47B38EFE}
	EndGlobalSection
EndGlobal
